
Microsoft Visual Studio Solution File, Format Version 12.00
# Visual Studio Version 16
VisualStudioVersion = 16.0.32002.261
MinimumVisualStudioVersion = 10.0.40219.1
Project("{8BC9CEB8-8B4A-11D0-8D11-00A0C91BC942}") = "test1", "test1\test1.vcxproj", "{A31D2D27-2876-4EFD-A6B8-BE2EB9BA7008}"
EndProject
Global
	GlobalSection(SolutionConfigurationPlatforms) = preSolution
		Debug|x64 = Debug|x64
		Debug|x86 = Debug|x86
		Release|x64 = Release|x64
		Release|x86 = Release|x86
	EndGlobalSection
	GlobalSection(ProjectConfigurationPlatforms) = postSolution
		{A31D2D27-2876-4EFD-A6B8-BE2EB9BA7008}.Debug|x64.ActiveCfg = Debug|x64
		{A31D2D27-2876-4EFD-A6B8-BE2EB9BA7008}.Debug|x64.Build.0 = Debug|x64
		{A31D2D27-2876-4EFD-A6B8-BE2EB9BA7008}.Debug|x86.ActiveCfg = Debug|Win32
		{A31D2D27-2876-4EFD-A6B8-BE2EB9BA7008}.Debug|x86.Build.0 = Debug|Win32
		{A31D2D27-2876-4EFD-A6B8-BE2EB9BA7008}.Release|x64.ActiveCfg = Release|x64
		{A31D2D27-2876-4EFD-A6B8-BE2EB9BA7008}.Release|x64.Build.0 = Release|x64
		{A31D2D27-2876-4EFD-A6B8-BE2EB9BA7008}.Release|x86.ActiveCfg = Release|Win32
		{A31D2D27-2876-4EFD-A6B8-BE2EB9BA7008}.Release|x86.Build.0 = Release|Win32
	EndGlobalSection
	GlobalSection(SolutionProperties) = preSolution
		HideSolutionNode = FALSE
	EndGlobalSection
	GlobalSection(ExtensibilityGlobals) = postSolution
		SolutionGuid = {FDF56F46-3AB1-417E-8A0D-6BE1AB8FF747}
	EndGlobalSection
EndGlobal
